schema: '2.0'
stages:
  _check-env-tex:
    cmd: calkit check environment --name tex
    outs:
    - path: .calkit/env-locks/tex.json
      hash: md5
      md5: c0376c6ba6cd17ec8b92fab0bb3554a7
      size: 2399
  sync-overleaf:
    cmd: bash --noprofile --norc -c "calkit overleaf sync --no-commit --no-push"
  build-paper:
    cmd: calkit xenv -n tex --no-check -- latexmk -cd -interaction=nonstopmode -f
      -pdf paper/main.tex
    deps:
    - path: .calkit/env-locks/tex.json
      hash: md5
      md5: c0376c6ba6cd17ec8b92fab0bb3554a7
      size: 2399
    - path: paper/aasjournal.bst
      hash: md5
      md5: 1e2d4614828005814bd64e3c665b8e99
      size: 36130
    - path: paper/aastex631.cls
      hash: md5
      md5: 3a8503ea2dc529eec05658a2b11d12d0
      size: 231673
    - path: paper/figures/workflow.pdf
      hash: md5
      md5: bbdeb3fea7b0d744ffba650a0d0c40db
      size: 7722175
    - path: paper/main.tex
      hash: md5
      md5: c13d5e85d5fcf393c9e2d67c0d6948a0
      size: 30257
    - path: paper/references.bib
      hash: md5
      md5: 1c4bda6ff1237961e82fc142650d08b6
      size: 1030386
    - path: paper/results.tex
      hash: md5
      md5: 304cd2dbd2cc89363ddb35c04b91e695
      size: 40
    outs:
    - path: paper/main.pdf
      hash: md5
      md5: 03d4859487eb069efbc8bbd162d28fe1
      size: 7960770
  run-benchmarks:
    cmd: bash --noprofile --norc scripts/run-benchmarks.sh
    deps:
    - path: scripts/run-benchmarks.sh
      hash: md5
      md5: f46f4e38dbe34d840682f54412ebebb5
      size: 137
    outs:
    - path: paper/results.tex
      hash: md5
      md5: 304cd2dbd2cc89363ddb35c04b91e695
      size: 40
