schema: '2.0'
stages:
  _check-env-tex:
    cmd: calkit check environment --name tex
    outs:
    - path: .calkit/env-locks/tex.json
      hash: md5
      md5: c25288f842fbbf08b32381c979e0e12e
      size: 1171
  sync-overleaf:
    cmd: bash --noprofile --norc -c "calkit overleaf sync --no-commit --no-push"
  build-paper:
    cmd: calkit xenv -n tex --no-check -- latexmk -cd -interaction=nonstopmode -silent
      -f -synctex=1 -pdf paper/main.tex
    deps:
    - path: .calkit/env-locks/tex.json
      hash: md5
      md5: c25288f842fbbf08b32381c979e0e12e
      size: 1171
    - path: paper/aasjournal.bst
      hash: md5
      md5: 1e2d4614828005814bd64e3c665b8e99
      size: 36130
    - path: paper/aastex631.cls
      hash: md5
      md5: 3a8503ea2dc529eec05658a2b11d12d0
      size: 231673
    - path: paper/figures/workflow.pdf
      hash: md5
      md5: bbdeb3fea7b0d744ffba650a0d0c40db
      size: 7722175
    - path: paper/main.tex
      hash: md5
      md5: 5d6306a6b6eb7ad7e16b57141028c91b
      size: 48484
    - path: paper/references.bib
      hash: md5
      md5: 8e1f3d5979dd3cc3c470e3e23ce6579c
      size: 1096957
    - path: paper/results.tex
      hash: md5
      md5: 9ff462c9a22dc17cd59d5dc7e88ec62b
      size: 186
    outs:
    - path: paper/main.pdf
      hash: md5
      md5: 25b39ac68dcf18e111d65c272f9b1c2e
      size: 7988531
  run-benchmarks:
    cmd: bash --noprofile --norc scripts/run-benchmarks.sh
    deps:
    - path: boom/Cargo.lock
      hash: md5
      md5: 9bfc469a3d04968b453874c8c2ada965
      size: 126660
    - path: boom/src
      hash: md5
      md5: 500a1fa9e0f050c1f7c52eede63dd758.dir
      size: 252247
      nfiles: 37
    - path: scripts/run-benchmarks.sh
      hash: md5
      md5: 1c645c1912c220a6f1f1b07e0d2241dc
      size: 369
    outs:
    - path: paper/results.tex
      hash: md5
      md5: c13e23589a77173ddec14e1c43937a53
      size: 188
  _check-env-boom:
    cmd: calkit check environment --name boom
    deps:
    - path: Dockerfile-boom
      hash: md5
      md5: c3ae93706b5217df6b70af7a5a819bd2
      size: 1150
    outs:
    - path: .calkit/env-locks/boom.json
      hash: md5
      md5: fb1633d7248b37100660db4799fa9ccf
      size: 1355
  benchmark-boom:
    cmd: bash --noprofile --norc scripts/benchmark-boom.sh
    deps:
    - path: Dockerfile-boom
      hash: md5
      md5: c3ae93706b5217df6b70af7a5a819bd2
      size: 1150
    - path: boom/Cargo.lock
      hash: md5
      md5: 9bfc469a3d04968b453874c8c2ada965
      size: 126660
    - path: boom/Cargo.toml
      hash: md5
      md5: 8e8daf6d3bec0efbad62c78c6ca7eeef
      size: 1489
    - path: boom/src
      hash: md5
      md5: 500a1fa9e0f050c1f7c52eede63dd758.dir
      size: 252247
      nfiles: 37
    - path: config/boom/compose.yaml
      hash: md5
      md5: 5829a11ff8999a548264f5b117382dbf
      size: 4617
    - path: config/boom/config-consumer.yaml
      hash: md5
      md5: e84e781c5978506b93283e865bf039ec
      size: 1823
    - path: config/boom/config.yaml
      hash: md5
      md5: b752fb658677c78ccdfb44bda085910d
      size: 1816
    - path: data/kowalski.NED.json.gz
      hash: md5
      md5: decd3ed39729067d0990aa299c4f513d
      size: 966995306
    - path: scripts/benchmark-boom.sh
      hash: md5
      md5: 7ea1fb5e3ee2c87a7650ce5a83ff05e1
      size: 1352
      isexec: true
    - path: scripts/mongo-import-ned.sh
      hash: md5
      md5: d7c69cd7975e24a541cc778da272be24
      size: 290
      isexec: true
    outs:
    - path: logs/boom
      hash: md5
      md5: 70fa8c0fad293b9941d7d4b8d8cf4678.dir
      size: 758779
      nfiles: 5
  make-kowalski-version-file:
    cmd: bash --noprofile --norc -c "echo benchmarking > kowalski/version.txt"
  _check-env-analyze-logs:
    cmd: calkit check environment --name analyze-logs
    deps:
    - path: config/envs/analyze-logs.txt
      hash: md5
      md5: f59d0ee92a7e4a82cb5afed288df17a9
      size: 61
    outs:
    - path: .calkit/env-locks/analyze-logs.txt
      hash: md5
      md5: bc1acb39f7277a5c19e3b693a7a8a2a4
      size: 2097
  make-kowalski-mongo-key-file:
    cmd: bash --noprofile --norc -c "echo thisisarandomkeyfortesting > kowalski/mongo_key.yaml"
  benchmark-kowalski:
    cmd: bash --noprofile --norc scripts/benchmark-kowalski.sh
    deps:
    - path: config/kowalski/compose.yaml
      hash: md5
      md5: 3e86dfd5d3c142def1da8cbb4cf7450a
      size: 3988
    - path: config/kowalski/config.yaml
      hash: md5
      md5: 4aca796f28a0aa662f6dc5aac96cc312
      size: 37314
    - path: config/kowalski/supervisord.conf
      hash: md5
      md5: 88e77d45ef9cc62ba3d000aeaa367d7d
      size: 1321
    - path: data/kowalski.NED.json.gz
      hash: md5
      md5: decd3ed39729067d0990aa299c4f513d
      size: 966995306
    - path: kowalski/Makefile
      hash: md5
      md5: acd8ea2eccdc60f398008d3108ae25d8
      size: 3728
    - path: kowalski/ingester.Dockerfile
      hash: md5
      md5: 9e13312ab68b655f4d0907c8cd26b90d
      size: 4637
    - path: kowalski/kowalski
      hash: md5
      md5: 67a94df680d77e3d03cae4d82046f3cd.dir
      size: 931133
      nfiles: 81
    - path: kowalski/requirements
      hash: md5
      md5: 0f387c5dafc67d32b61c497738556400.dir
      size: 1306
      nfiles: 5
    - path: scripts/benchmark-kowalski.sh
      hash: md5
      md5: ea773982e7408790df6c27f2b84b0113
      size: 1387
      isexec: true
    - path: scripts/mongo-import-ned.sh
      hash: md5
      md5: d7c69cd7975e24a541cc778da272be24
      size: 290
      isexec: true
    outs:
    - path: logs/kowalski
      hash: md5
      md5: 6be0542999904820e04260f3c103dd37.dir
      size: 53677394
      nfiles: 5
  _clean-nb-analyze-logs:
    cmd: calkit nb clean "notebooks/analyze-logs.ipynb"
    deps:
    - path: notebooks/analyze-logs.ipynb
      hash: md5
      md5: 7182a68414694cf9662f2976378c707f
      size: 3507
    outs:
    - path: .calkit/notebooks/cleaned/notebooks/analyze-logs.ipynb
      hash: md5
      md5: 7182a68414694cf9662f2976378c707f
      size: 3507
  analyze-logs:
    cmd: calkit nb execute --environment analyze-logs --no-check --to html "notebooks/analyze-logs.ipynb"
    deps:
    - path: .calkit/env-locks/analyze-logs.txt
      hash: md5
      md5: bc1acb39f7277a5c19e3b693a7a8a2a4
      size: 2097
    - path: .calkit/notebooks/cleaned/notebooks/analyze-logs.ipynb
      hash: md5
      md5: 7182a68414694cf9662f2976378c707f
      size: 3507
    - path: logs/boom
      hash: md5
      md5: 70fa8c0fad293b9941d7d4b8d8cf4678.dir
      size: 758779
      nfiles: 5
    - path: logs/kowalski
      hash: md5
      md5: 6be0542999904820e04260f3c103dd37.dir
      size: 53677394
      nfiles: 5
    outs:
    - path: .calkit/notebooks/executed/notebooks/analyze-logs.ipynb
      hash: md5
      md5: 5d510d9d477f80c330851b0fc51c0cbb
      size: 4590
    - path: .calkit/notebooks/html/notebooks/analyze-logs.html
      hash: md5
      md5: d5481654f1ff7a84ba459171717bd64d
      size: 280134
    - path: paper/results.tex
      hash: md5
      md5: 9ff462c9a22dc17cd59d5dc7e88ec62b
      size: 186
